
Microsoft Visual Studio Solution File, Format Version 12.00
# Visual Studio Version 17
VisualStudioVersion = 17.10.35201.131
MinimumVisualStudioVersion = 10.0.40219.1
Project("{FAE04EC0-301F-11D3-BF4B-00C04F79EFBC}") = "ex_resolvido_classes", "ex_resolvido_classes\ex_resolvido_classes.csproj", "{04B76D9E-901E-4DEF-8526-8BB75A3B7D4C}"
EndProject
Global
	GlobalSection(SolutionConfigurationPlatforms) = preSolution
		Debug|Any CPU = Debug|Any CPU
		Release|Any CPU = Release|Any CPU
	EndGlobalSection
	GlobalSection(ProjectConfigurationPlatforms) = postSolution
		{04B76D9E-901E-4DEF-8526-8BB75A3B7D4C}.Debug|Any CPU.ActiveCfg = Debug|Any CPU
		{04B76D9E-901E-4DEF-8526-8BB75A3B7D4C}.Debug|Any CPU.Build.0 = Debug|Any CPU
		{04B76D9E-901E-4DEF-8526-8BB75A3B7D4C}.Release|Any CPU.ActiveCfg = Release|Any CPU
		{04B76D9E-901E-4DEF-8526-8BB75A3B7D4C}.Release|Any CPU.Build.0 = Release|Any CPU
	EndGlobalSection
	GlobalSection(SolutionProperties) = preSolution
		HideSolutionNode = FALSE
	EndGlobalSection
	GlobalSection(ExtensibilityGlobals) = postSolution
		SolutionGuid = {D926CCD3-637D-4688-8D0A-AB3378039F0C}
	EndGlobalSection
EndGlobal
